{
  "version": 1,
  "dependencies": {
    "net10.0": {
      "MassTransit.Abstractions": {
        "type": "Direct",
        "requested": "[8.5.10, )",
        "resolved": "8.5.10",
        "contentHash": "nZnm2YNH+NcVwY6yC114sJy8J9LtKdFjfKUm/A5HfmzOlZ8ksjgHaPBg5XCG1VAqKDRDFnaudIcesVultKJD7g=="
      },
      "ecommerce.shared": {
        "type": "Project"
      }
    }
  }
}